// !$*UTF8*$!
{
	archiveVersion = 1;
	classes = {
	};
	objectVersion = 45;
	objects = {

/* Begin PBXBuildFile section */
		2A0C369C127F411600334471 /* dsa_pub.pem in Resources */ = {isa = PBXBuildFile; fileRef = 2A0C369B127F411600334471 /* dsa_pub.pem */; };
		2A95E9EC1280FCB700AD37A9 /* MGMWebViewMethods.m in Sources */ = {isa = PBXBuildFile; fileRef = 2A95E9EB1280FCB700AD37A9 /* MGMWebViewMethods.m */; };
		2A95EA6B12810F5700AD37A9 /* MGMSpruceURL.m in Sources */ = {isa = PBXBuildFile; fileRef = 2A95EA6A12810F5700AD37A9 /* MGMSpruceURL.m */; };
		2A95EAFD128133CF00AD37A9 /* SpruceSSL.icns in Resources */ = {isa = PBXBuildFile; fileRef = 2A95EAFC128133CF00AD37A9 /* SpruceSSL.icns */; };
		2AA8F1E91283172D001820CF /* License.txt in Resources */ = {isa = PBXBuildFile; fileRef = 2AA8F1E81283172D001820CF /* License.txt */; };
		2AA8F25512831820001820CF /* Sparkle.framework in Frameworks */ = {isa = PBXBuildFile; fileRef = 2AA8F25412831820001820CF /* Sparkle.framework */; };
		2AA8F25812831825001820CF /* Sparkle.framework in Frameworks */ = {isa = PBXBuildFile; fileRef = 2AA8F25412831820001820CF /* Sparkle.framework */; };
		2AFB3D2B127E1677005C858D /* MGMSpruceSSL.m in Sources */ = {isa = PBXBuildFile; fileRef = 2AFB3D2A127E1677005C858D /* MGMSpruceSSL.m */; };
		2AFB3D2E127E170A005C858D /* WebKit.framework in Frameworks */ = {isa = PBXBuildFile; fileRef = 2AFB3D2D127E170A005C858D /* WebKit.framework */; };
		2AFB3DDC127E532F005C858D /* hostBlacklist.plist in Resources */ = {isa = PBXBuildFile; fileRef = 2AFB3DDA127E532F005C858D /* hostBlacklist.plist */; };
		2AFB3DDD127E5330005C858D /* hostWhitelist.plist in Resources */ = {isa = PBXBuildFile; fileRef = 2AFB3DDB127E532F005C858D /* hostWhitelist.plist */; };
		2AFB3E1A127E5CD2005C858D /* preferences.xib in Resources */ = {isa = PBXBuildFile; fileRef = 2AFB3E19127E5CD1005C858D /* preferences.xib */; };
		8D5B49B0048680CD000E48DA /* InfoPlist.strings in Resources */ = {isa = PBXBuildFile; fileRef = 089C167DFE841241C02AAC07 /* InfoPlist.strings */; };
		8D5B49B4048680CD000E48DA /* Cocoa.framework in Frameworks */ = {isa = PBXBuildFile; fileRef = 1058C7ADFEA557BF11CA2CBB /* Cocoa.framework */; };
/* End PBXBuildFile section */

/* Begin PBXCopyFilesBuildPhase section */
		2AFB3EA3127E66FA005C858D /* Frameworks */ = {
			isa = PBXCopyFilesBuildPhase;
			buildActionMask = 2147483647;
			dstPath = "";
			dstSubfolderSpec = 10;
			files = (
				2AA8F25812831825001820CF /* Sparkle.framework in Frameworks */,
			);
			name = Frameworks;
			runOnlyForDeploymentPostprocessing = 0;
		};
/* End PBXCopyFilesBuildPhase section */

/* Begin PBXFileReference section */
		089C1672FE841209C02AAC07 /* Foundation.framework */ = {isa = PBXFileReference; lastKnownFileType = wrapper.framework; name = Foundation.framework; path = /System/Library/Frameworks/Foundation.framework; sourceTree = "<absolute>"; };
		089C167EFE841241C02AAC07 /* English */ = {isa = PBXFileReference; fileEncoding = 4; lastKnownFileType = text.plist.strings; name = English; path = English.lproj/InfoPlist.strings; sourceTree = "<group>"; };
		089C167FFE841241C02AAC07 /* AppKit.framework */ = {isa = PBXFileReference; lastKnownFileType = wrapper.framework; name = AppKit.framework; path = /System/Library/Frameworks/AppKit.framework; sourceTree = "<absolute>"; };
		1058C7ADFEA557BF11CA2CBB /* Cocoa.framework */ = {isa = PBXFileReference; lastKnownFileType = wrapper.framework; name = Cocoa.framework; path = /System/Library/Frameworks/Cocoa.framework; sourceTree = "<absolute>"; };
		2A0C369B127F411600334471 /* dsa_pub.pem */ = {isa = PBXFileReference; fileEncoding = 4; lastKnownFileType = text; path = dsa_pub.pem; sourceTree = "<group>"; };
		2A95E9EA1280FCB700AD37A9 /* MGMWebViewMethods.h */ = {isa = PBXFileReference; fileEncoding = 4; lastKnownFileType = sourcecode.c.h; path = MGMWebViewMethods.h; sourceTree = "<group>"; };
		2A95E9EB1280FCB700AD37A9 /* MGMWebViewMethods.m */ = {isa = PBXFileReference; fileEncoding = 4; lastKnownFileType = sourcecode.c.objc; path = MGMWebViewMethods.m; sourceTree = "<group>"; };
		2A95EA6912810F5700AD37A9 /* MGMSpruceURL.h */ = {isa = PBXFileReference; fileEncoding = 4; lastKnownFileType = sourcecode.c.h; path = MGMSpruceURL.h; sourceTree = "<group>"; };
		2A95EA6A12810F5700AD37A9 /* MGMSpruceURL.m */ = {isa = PBXFileReference; fileEncoding = 4; lastKnownFileType = sourcecode.c.objc; path = MGMSpruceURL.m; sourceTree = "<group>"; };
		2A95EAFC128133CF00AD37A9 /* SpruceSSL.icns */ = {isa = PBXFileReference; lastKnownFileType = image.icns; path = SpruceSSL.icns; sourceTree = SOURCE_ROOT; };
		2AA8F1E81283172D001820CF /* License.txt */ = {isa = PBXFileReference; fileEncoding = 4; lastKnownFileType = text; path = License.txt; sourceTree = SOURCE_ROOT; };
		2AA8F25412831820001820CF /* Sparkle.framework */ = {isa = PBXFileReference; lastKnownFileType = wrapper.framework; name = Sparkle.framework; path = Frameworks/Sparkle.framework; sourceTree = "<group>"; };
		2AFB3D29127E1677005C858D /* MGMSpruceSSL.h */ = {isa = PBXFileReference; fileEncoding = 4; lastKnownFileType = sourcecode.c.h; path = MGMSpruceSSL.h; sourceTree = "<group>"; };
		2AFB3D2A127E1677005C858D /* MGMSpruceSSL.m */ = {isa = PBXFileReference; fileEncoding = 4; lastKnownFileType = sourcecode.c.objc; path = MGMSpruceSSL.m; sourceTree = "<group>"; };
		2AFB3D2D127E170A005C858D /* WebKit.framework */ = {isa = PBXFileReference; lastKnownFileType = wrapper.framework; name = WebKit.framework; path = System/Library/Frameworks/WebKit.framework; sourceTree = SDKROOT; };
		2AFB3D47127E1D2E005C858D /* Safari.h */ = {isa = PBXFileReference; fileEncoding = 4; lastKnownFileType = sourcecode.c.h; path = Safari.h; sourceTree = "<group>"; };
		2AFB3DDA127E532F005C858D /* hostBlacklist.plist */ = {isa = PBXFileReference; fileEncoding = 4; lastKnownFileType = text.plist.xml; path = hostBlacklist.plist; sourceTree = "<group>"; };
		2AFB3DDB127E532F005C858D /* hostWhitelist.plist */ = {isa = PBXFileReference; fileEncoding = 4; lastKnownFileType = text.plist.xml; path = hostWhitelist.plist; sourceTree = "<group>"; };
		2AFB3E19127E5CD1005C858D /* preferences.xib */ = {isa = PBXFileReference; lastKnownFileType = file.xib; path = preferences.xib; sourceTree = "<group>"; };
		32DBCF630370AF2F00C91783 /* SpruceSSL_Prefix.pch */ = {isa = PBXFileReference; fileEncoding = 4; lastKnownFileType = sourcecode.c.h; name = SpruceSSL_Prefix.pch; path = Classes/SpruceSSL_Prefix.pch; sourceTree = "<group>"; };
		8D5B49B6048680CD000E48DA /* SpruceSSL.bundle */ = {isa = PBXFileReference; explicitFileType = wrapper.cfbundle; includeInIndex = 0; path = SpruceSSL.bundle; sourceTree = BUILT_PRODUCTS_DIR; };
		8D5B49B7048680CD000E48DA /* Info.plist */ = {isa = PBXFileReference; fileEncoding = 4; lastKnownFileType = text.plist.xml; path = Info.plist; sourceTree = "<group>"; };
		D2F7E65807B2D6F200F64583 /* CoreData.framework */ = {isa = PBXFileReference; lastKnownFileType = wrapper.framework; name = CoreData.framework; path = /System/Library/Frameworks/CoreData.framework; sourceTree = "<absolute>"; };
/* End PBXFileReference section */

/* Begin PBXFrameworksBuildPhase section */
		8D5B49B3048680CD000E48DA /* Frameworks */ = {
			isa = PBXFrameworksBuildPhase;
			buildActionMask = 2147483647;
			files = (
				8D5B49B4048680CD000E48DA /* Cocoa.framework in Frameworks */,
				2AFB3D2E127E170A005C858D /* WebKit.framework in Frameworks */,
				2AA8F25512831820001820CF /* Sparkle.framework in Frameworks */,
			);
			runOnlyForDeploymentPostprocessing = 0;
		};
/* End PBXFrameworksBuildPhase section */

/* Begin PBXGroup section */
		089C166AFE841209C02AAC07 /* SpruceSSL */ = {
			isa = PBXGroup;
			children = (
				08FB77AFFE84173DC02AAC07 /* Classes */,
				32C88E010371C26100C91783 /* Other Sources */,
				089C167CFE841241C02AAC07 /* Resources */,
				089C1671FE841209C02AAC07 /* Frameworks and Libraries */,
				19C28FB8FE9D52D311CA2CBB /* Products */,
			);
			name = SpruceSSL;
			sourceTree = "<group>";
		};
		089C1671FE841209C02AAC07 /* Frameworks and Libraries */ = {
			isa = PBXGroup;
			children = (
				1058C7ACFEA557BF11CA2CBB /* Linked Frameworks */,
				1058C7AEFEA557BF11CA2CBB /* Other Frameworks */,
			);
			name = "Frameworks and Libraries";
			sourceTree = "<group>";
		};
		089C167CFE841241C02AAC07 /* Resources */ = {
			isa = PBXGroup;
			children = (
				2AA8F1E81283172D001820CF /* License.txt */,
				2A95EAFC128133CF00AD37A9 /* SpruceSSL.icns */,
				8D5B49B7048680CD000E48DA /* Info.plist */,
				2A0C369B127F411600334471 /* dsa_pub.pem */,
				2AFB3DDA127E532F005C858D /* hostBlacklist.plist */,
				2AFB3DDB127E532F005C858D /* hostWhitelist.plist */,
				089C167DFE841241C02AAC07 /* InfoPlist.strings */,
				2AFB3E19127E5CD1005C858D /* preferences.xib */,
			);
			path = Resources;
			sourceTree = "<group>";
		};
		08FB77AFFE84173DC02AAC07 /* Classes */ = {
			isa = PBXGroup;
			children = (
				2AFB3D47127E1D2E005C858D /* Safari.h */,
				2AFB3D29127E1677005C858D /* MGMSpruceSSL.h */,
				2AFB3D2A127E1677005C858D /* MGMSpruceSSL.m */,
				2A95E9EA1280FCB700AD37A9 /* MGMWebViewMethods.h */,
				2A95E9EB1280FCB700AD37A9 /* MGMWebViewMethods.m */,
				2A95EA6912810F5700AD37A9 /* MGMSpruceURL.h */,
				2A95EA6A12810F5700AD37A9 /* MGMSpruceURL.m */,
			);
			path = Classes;
			sourceTree = "<group>";
		};
		1058C7ACFEA557BF11CA2CBB /* Linked Frameworks */ = {
			isa = PBXGroup;
			children = (
				2AA8F25412831820001820CF /* Sparkle.framework */,
				1058C7ADFEA557BF11CA2CBB /* Cocoa.framework */,
				2AFB3D2D127E170A005C858D /* WebKit.framework */,
			);
			name = "Linked Frameworks";
			sourceTree = "<group>";
		};
		1058C7AEFEA557BF11CA2CBB /* Other Frameworks */ = {
			isa = PBXGroup;
			children = (
				089C167FFE841241C02AAC07 /* AppKit.framework */,
				D2F7E65807B2D6F200F64583 /* CoreData.framework */,
				089C1672FE841209C02AAC07 /* Foundation.framework */,
			);
			name = "Other Frameworks";
			sourceTree = "<group>";
		};
		19C28FB8FE9D52D311CA2CBB /* Products */ = {
			isa = PBXGroup;
			children = (
				8D5B49B6048680CD000E48DA /* SpruceSSL.bundle */,
			);
			name = Products;
			sourceTree = "<group>";
		};
		32C88E010371C26100C91783 /* Other Sources */ = {
			isa = PBXGroup;
			children = (
				32DBCF630370AF2F00C91783 /* SpruceSSL_Prefix.pch */,
			);
			name = "Other Sources";
			sourceTree = "<group>";
		};
/* End PBXGroup section */

/* Begin PBXNativeTarget section */
		8D5B49AC048680CD000E48DA /* SpruceSSL */ = {
			isa = PBXNativeTarget;
			buildConfigurationList = 1DEB913A08733D840010E9CD /* Build configuration list for PBXNativeTarget "SpruceSSL" */;
			buildPhases = (
				8D5B49AF048680CD000E48DA /* Resources */,
				8D5B49B1048680CD000E48DA /* Sources */,
				8D5B49B3048680CD000E48DA /* Frameworks */,
				2AFB3EA3127E66FA005C858D /* Frameworks */,
			);
			buildRules = (
			);
			dependencies = (
			);
			name = SpruceSSL;
			productInstallPath = "$(HOME)/Library/Bundles";
			productName = SpruceSSL;
			productReference = 8D5B49B6048680CD000E48DA /* SpruceSSL.bundle */;
			productType = "com.apple.product-type.bundle";
		};
/* End PBXNativeTarget section */

/* Begin PBXProject section */
		089C1669FE841209C02AAC07 /* Project object */ = {
			isa = PBXProject;
			buildConfigurationList = 1DEB913E08733D840010E9CD /* Build configuration list for PBXProject "SpruceSSL" */;
			compatibilityVersion = "Xcode 3.1";
			developmentRegion = English;
			hasScannedForEncodings = 1;
			knownRegions = (
				English,
				Japanese,
				French,
				German,
			);
			mainGroup = 089C166AFE841209C02AAC07 /* SpruceSSL */;
			projectDirPath = "";
			projectRoot = "";
			targets = (
				8D5B49AC048680CD000E48DA /* SpruceSSL */,
			);
		};
/* End PBXProject section */

/* Begin PBXResourcesBuildPhase section */
		8D5B49AF048680CD000E48DA /* Resources */ = {
			isa = PBXResourcesBuildPhase;
			buildActionMask = 2147483647;
			files = (
				8D5B49B0048680CD000E48DA /* InfoPlist.strings in Resources */,
				2AFB3DDC127E532F005C858D /* hostBlacklist.plist in Resources */,
				2AFB3DDD127E5330005C858D /* hostWhitelist.plist in Resources */,
				2AFB3E1A127E5CD2005C858D /* preferences.xib in Resources */,
				2A0C369C127F411600334471 /* dsa_pub.pem in Resources */,
				2A95EAFD128133CF00AD37A9 /* SpruceSSL.icns in Resources */,
				2AA8F1E91283172D001820CF /* License.txt in Resources */,
			);
			runOnlyForDeploymentPostprocessing = 0;
		};
/* End PBXResourcesBuildPhase section */

/* Begin PBXSourcesBuildPhase section */
		8D5B49B1048680CD000E48DA /* Sources */ = {
			isa = PBXSourcesBuildPhase;
			buildActionMask = 2147483647;
			files = (
				2AFB3D2B127E1677005C858D /* MGMSpruceSSL.m in Sources */,
				2A95E9EC1280FCB700AD37A9 /* MGMWebViewMethods.m in Sources */,
				2A95EA6B12810F5700AD37A9 /* MGMSpruceURL.m in Sources */,
			);
			runOnlyForDeploymentPostprocessing = 0;
		};
/* End PBXSourcesBuildPhase section */

/* Begin PBXVariantGroup section */
		089C167DFE841241C02AAC07 /* InfoPlist.strings */ = {
			isa = PBXVariantGroup;
			children = (
				089C167EFE841241C02AAC07 /* English */,
			);
			name = InfoPlist.strings;
			sourceTree = "<group>";
		};
/* End PBXVariantGroup section */

/* Begin XCBuildConfiguration section */
		1DEB913B08733D840010E9CD /* Debug */ = {
			isa = XCBuildConfiguration;
			buildSettings = {
				ALWAYS_SEARCH_USER_PATHS = NO;
				COPY_PHASE_STRIP = NO;
				FRAMEWORK_SEARCH_PATHS = (
					"$(inherited)",
					"\"$(SRCROOT)/Frameworks\"",
				);
				GCC_DYNAMIC_NO_PIC = NO;
				GCC_ENABLE_FIX_AND_CONTINUE = YES;
				GCC_MODEL_TUNING = G5;
				GCC_OPTIMIZATION_LEVEL = 0;
				GCC_PRECOMPILE_PREFIX_HEADER = YES;
				GCC_PREFIX_HEADER = Classes/SpruceSSL_Prefix.pch;
				INFOPLIST_FILE = Resources/Info.plist;
				INSTALL_PATH = "$(HOME)/Library/Bundles";
				OTHER_LDFLAGS = (
					"-undefined",
					suppress,
					"-undefined",
					dynamic_lookup,
				);
				PRODUCT_NAME = SpruceSSL;
				WRAPPER_EXTENSION = bundle;
			};
			name = Debug;
		};
		1DEB913C08733D840010E9CD /* Release */ = {
			isa = XCBuildConfiguration;
			buildSettings = {
				ALWAYS_SEARCH_USER_PATHS = NO;
				DEBUG_INFORMATION_FORMAT = "dwarf-with-dsym";
				FRAMEWORK_SEARCH_PATHS = (
					"$(inherited)",
					"\"$(SRCROOT)/Frameworks\"",
				);
				GCC_MODEL_TUNING = G5;
				GCC_PRECOMPILE_PREFIX_HEADER = YES;
				GCC_PREFIX_HEADER = Classes/SpruceSSL_Prefix.pch;
				INFOPLIST_FILE = Resources/Info.plist;
				INSTALL_PATH = "$(HOME)/Library/Bundles";
				OTHER_LDFLAGS = (
					"-undefined",
					suppress,
					"-undefined",
					dynamic_lookup,
				);
				PRODUCT_NAME = SpruceSSL;
				WRAPPER_EXTENSION = bundle;
			};
			name = Release;
		};
		1DEB913F08733D840010E9CD /* Debug */ = {
			isa = XCBuildConfiguration;
			buildSettings = {
				ARCHS = "$(ARCHS_STANDARD_32_64_BIT)";
				GCC_C_LANGUAGE_STANDARD = gnu99;
				GCC_OPTIMIZATION_LEVEL = 0;
				GCC_VERSION = com.apple.compilers.llvm.clang.1_0;
				GCC_WARN_ABOUT_RETURN_TYPE = YES;
				GCC_WARN_UNUSED_VARIABLE = YES;
				MACOSX_DEPLOYMENT_TARGET = 10.4;
				"MACOSX_DEPLOYMENT_TARGET[arch=x86_64]" = 10.5;
				ONLY_ACTIVE_ARCH = YES;
				PREBINDING = NO;
				SDKROOT = macosx10.5;
			};
			name = Debug;
		};
		1DEB914008733D840010E9CD /* Release */ = {
			isa = XCBuildConfiguration;
			buildSettings = {
				ARCHS = "$(ARCHS_STANDARD_32_64_BIT)";
				GCC_C_LANGUAGE_STANDARD = gnu99;
				GCC_VERSION = com.apple.compilers.llvm.clang.1_0;
				GCC_WARN_ABOUT_RETURN_TYPE = YES;
				GCC_WARN_UNUSED_VARIABLE = YES;
				MACOSX_DEPLOYMENT_TARGET = 10.4;
				"MACOSX_DEPLOYMENT_TARGET[arch=x86_64]" = 10.5;
				PREBINDING = NO;
				SDKROOT = macosx10.5;
			};
			name = Release;
		};
/* End XCBuildConfiguration section */

/* Begin XCConfigurationList section */
		1DEB913A08733D840010E9CD /* Build configuration list for PBXNativeTarget "SpruceSSL" */ = {
			isa = XCConfigurationList;
			buildConfigurations = (
				1DEB913B08733D840010E9CD /* Debug */,
				1DEB913C08733D840010E9CD /* Release */,
			);
			defaultConfigurationIsVisible = 0;
			defaultConfigurationName = Release;
		};
		1DEB913E08733D840010E9CD /* Build configuration list for PBXProject "SpruceSSL" */ = {
			isa = XCConfigurationList;
			buildConfigurations = (
				1DEB913F08733D840010E9CD /* Debug */,
				1DEB914008733D840010E9CD /* Release */,
			);
			defaultConfigurationIsVisible = 0;
			defaultConfigurationName = Release;
		};
/* End XCConfigurationList section */
	};
	rootObject = 089C1669FE841209C02AAC07 /* Project object */;
}
